// !$*UTF8*$!
{
	archiveVersion = 1;
	classes = {
	};
	objectVersion = 56;
	objects = {

/* Begin PBXBuildFile section */
		DED542942B81F8C400196F98 /* ArtAppApp.swift in Sources */ = {isa = PBXBuildFile; fileRef = DED542932B81F8C400196F98 /* ArtAppApp.swift */; };
		DED542962B81F8C400196F98 /* ContentView.swift in Sources */ = {isa = PBXBuildFile; fileRef = DED542952B81F8C400196F98 /* ContentView.swift */; };
		DED542982B81F8C700196F98 /* Assets.xcassets in Resources */ = {isa = PBXBuildFile; fileRef = DED542972B81F8C700196F98 /* Assets.xcassets */; };
		DED5429B2B81F8C700196F98 /* Preview Assets.xcassets in Resources */ = {isa = PBXBuildFile; fileRef = DED5429A2B81F8C700196F98 /* Preview Assets.xcassets */; };
		DED542A32B82077000196F98 /* Artists.swift in Sources */ = {isa = PBXBuildFile; fileRef = DED542A22B82077000196F98 /* Artists.swift */; };
		DED542A62B82081600196F98 /* JsonParser.swift in Sources */ = {isa = PBXBuildFile; fileRef = DED542A52B82081600196F98 /* JsonParser.swift */; };
		DED542A82B820B6D00196F98 /* data.json in Resources */ = {isa = PBXBuildFile; fileRef = DED542A72B820B6D00196F98 /* data.json */; };
		DED542AB2B82406200196F98 /* ArtistDetail.swift in Sources */ = {isa = PBXBuildFile; fileRef = DED542AA2B82406200196F98 /* ArtistDetail.swift */; };
		DED542AD2B82497700196F98 /* PictureDetail.swift in Sources */ = {isa = PBXBuildFile; fileRef = DED542AC2B82497700196F98 /* PictureDetail.swift */; };
/* End PBXBuildFile section */

/* Begin PBXFileReference section */
		DED542902B81F8C400196F98 /* ArtApp.app */ = {isa = PBXFileReference; explicitFileType = wrapper.application; includeInIndex = 0; path = ArtApp.app; sourceTree = BUILT_PRODUCTS_DIR; };
		DED542932B81F8C400196F98 /* ArtAppApp.swift */ = {isa = PBXFileReference; lastKnownFileType = sourcecode.swift; path = ArtAppApp.swift; sourceTree = "<group>"; };
		DED542952B81F8C400196F98 /* ContentView.swift */ = {isa = PBXFileReference; lastKnownFileType = sourcecode.swift; path = ContentView.swift; sourceTree = "<group>"; };
		DED542972B81F8C700196F98 /* Assets.xcassets */ = {isa = PBXFileReference; lastKnownFileType = folder.assetcatalog; path = Assets.xcassets; sourceTree = "<group>"; };
		DED5429A2B81F8C700196F98 /* Preview Assets.xcassets */ = {isa = PBXFileReference; lastKnownFileType = folder.assetcatalog; path = "Preview Assets.xcassets"; sourceTree = "<group>"; };
		DED542A22B82077000196F98 /* Artists.swift */ = {isa = PBXFileReference; lastKnownFileType = sourcecode.swift; path = Artists.swift; sourceTree = "<group>"; };
		DED542A52B82081600196F98 /* JsonParser.swift */ = {isa = PBXFileReference; lastKnownFileType = sourcecode.swift; path = JsonParser.swift; sourceTree = "<group>"; };
		DED542A72B820B6D00196F98 /* data.json */ = {isa = PBXFileReference; fileEncoding = 4; lastKnownFileType = text.json; path = data.json; sourceTree = "<group>"; };
		DED542AA2B82406200196F98 /* ArtistDetail.swift */ = {isa = PBXFileReference; lastKnownFileType = sourcecode.swift; path = ArtistDetail.swift; sourceTree = "<group>"; };
		DED542AC2B82497700196F98 /* PictureDetail.swift */ = {isa = PBXFileReference; lastKnownFileType = sourcecode.swift; path = PictureDetail.swift; sourceTree = "<group>"; };
/* End PBXFileReference section */

/* Begin PBXFrameworksBuildPhase section */
		DED5428D2B81F8C400196F98 /* Frameworks */ = {
			isa = PBXFrameworksBuildPhase;
			buildActionMask = 2147483647;
			files = (
			);
			runOnlyForDeploymentPostprocessing = 0;
		};
/* End PBXFrameworksBuildPhase section */

/* Begin PBXGroup section */
		DED542872B81F8C400196F98 = {
			isa = PBXGroup;
			children = (
				DED542922B81F8C400196F98 /* ArtApp */,
				DED542912B81F8C400196F98 /* Products */,
			);
			sourceTree = "<group>";
		};
		DED542912B81F8C400196F98 /* Products */ = {
			isa = PBXGroup;
			children = (
				DED542902B81F8C400196F98 /* ArtApp.app */,
			);
			name = Products;
			sourceTree = "<group>";
		};
		DED542922B81F8C400196F98 /* ArtApp */ = {
			isa = PBXGroup;
			children = (
				DED542A92B82404C00196F98 /* Screens */,
				DED542A42B8207F800196F98 /* Helpers */,
				DED542A12B82071300196F98 /* Models */,
				DED542932B81F8C400196F98 /* ArtAppApp.swift */,
				DED542A72B820B6D00196F98 /* data.json */,
				DED542972B81F8C700196F98 /* Assets.xcassets */,
				DED542992B81F8C700196F98 /* Preview Content */,
			);
			path = ArtApp;
			sourceTree = "<group>";
		};
		DED542992B81F8C700196F98 /* Preview Content */ = {
			isa = PBXGroup;
			children = (
				DED5429A2B81F8C700196F98 /* Preview Assets.xcassets */,
			);
			path = "Preview Content";
			sourceTree = "<group>";
		};
		DED542A12B82071300196F98 /* Models */ = {
			isa = PBXGroup;
			children = (
				DED542A22B82077000196F98 /* Artists.swift */,
			);
			path = Models;
			sourceTree = "<group>";
		};
		DED542A42B8207F800196F98 /* Helpers */ = {
			isa = PBXGroup;
			children = (
				DED542A52B82081600196F98 /* JsonParser.swift */,
			);
			path = Helpers;
			sourceTree = "<group>";
		};
		DED542A92B82404C00196F98 /* Screens */ = {
			isa = PBXGroup;
			children = (
				DED542952B81F8C400196F98 /* ContentView.swift */,
				DED542AA2B82406200196F98 /* ArtistDetail.swift */,
				DED542AC2B82497700196F98 /* PictureDetail.swift */,
			);
			path = Screens;
			sourceTree = "<group>";
		};
/* End PBXGroup section */

/* Begin PBXNativeTarget section */
		DED5428F2B81F8C400196F98 /* ArtApp */ = {
			isa = PBXNativeTarget;
			buildConfigurationList = DED5429E2B81F8C700196F98 /* Build configuration list for PBXNativeTarget "ArtApp" */;
			buildPhases = (
				DED5428C2B81F8C400196F98 /* Sources */,
				DED5428D2B81F8C400196F98 /* Frameworks */,
				DED5428E2B81F8C400196F98 /* Resources */,
			);
			buildRules = (
			);
			dependencies = (
			);
			name = ArtApp;
			productName = ArtApp;
			productReference = DED542902B81F8C400196F98 /* ArtApp.app */;
			productType = "com.apple.product-type.application";
		};
/* End PBXNativeTarget section */

/* Begin PBXProject section */
		DED542882B81F8C400196F98 /* Project object */ = {
			isa = PBXProject;
			attributes = {
				BuildIndependentTargetsInParallel = 1;
				LastSwiftUpdateCheck = 1520;
				LastUpgradeCheck = 1520;
				TargetAttributes = {
					DED5428F2B81F8C400196F98 = {
						CreatedOnToolsVersion = 15.2;
					};
				};
			};
			buildConfigurationList = DED5428B2B81F8C400196F98 /* Build configuration list for PBXProject "ArtApp" */;
			compatibilityVersion = "Xcode 14.0";
			developmentRegion = en;
			hasScannedForEncodings = 0;
			knownRegions = (
				en,
				Base,
			);
			mainGroup = DED542872B81F8C400196F98;
			productRefGroup = DED542912B81F8C400196F98 /* Products */;
			projectDirPath = "";
			projectRoot = "";
			targets = (
				DED5428F2B81F8C400196F98 /* ArtApp */,
			);
		};
/* End PBXProject section */

/* Begin PBXResourcesBuildPhase section */
		DED5428E2B81F8C400196F98 /* Resources */ = {
			isa = PBXResourcesBuildPhase;
			buildActionMask = 2147483647;
			files = (
				DED5429B2B81F8C700196F98 /* Preview Assets.xcassets in Resources */,
				DED542A82B820B6D00196F98 /* data.json in Resources */,
				DED542982B81F8C700196F98 /* Assets.xcassets in Resources */,
			);
			runOnlyForDeploymentPostprocessing = 0;
		};
/* End PBXResourcesBuildPhase section */

/* Begin PBXSourcesBuildPhase section */
		DED5428C2B81F8C400196F98 /* Sources */ = {
			isa = PBXSourcesBuildPhase;
			buildActionMask = 2147483647;
			files = (
				DED542962B81F8C400196F98 /* ContentView.swift in Sources */,
				DED542AB2B82406200196F98 /* ArtistDetail.swift in Sources */,
				DED542942B81F8C400196F98 /* ArtAppApp.swift in Sources */,
				DED542A62B82081600196F98 /* JsonParser.swift in Sources */,
				DED542A32B82077000196F98 /* Artists.swift in Sources */,
				DED542AD2B82497700196F98 /* PictureDetail.swift in Sources */,
			);
			runOnlyForDeploymentPostprocessing = 0;
		};
/* End PBXSourcesBuildPhase section */

/* Begin XCBuildConfiguration section */
		DED5429C2B81F8C700196F98 /* Debug */ = {
			isa = XCBuildConfiguration;
			buildSettings = {
				ALWAYS_SEARCH_USER_PATHS = NO;
				ASSETCATALOG_COMPILER_GENERATE_SWIFT_ASSET_SYMBOL_EXTENSIONS = YES;
				CLANG_ANALYZER_NONNULL = YES;
				CLANG_ANALYZER_NUMBER_OBJECT_CONVERSION = YES_AGGRESSIVE;
				CLANG_CXX_LANGUAGE_STANDARD = "gnu++20";
				CLANG_ENABLE_MODULES = YES;
				CLANG_ENABLE_OBJC_ARC = YES;
				CLANG_ENABLE_OBJC_WEAK = YES;
				CLANG_WARN_BLOCK_CAPTURE_AUTORELEASING = YES;
				CLANG_WARN_BOOL_CONVERSION = YES;
				CLANG_WARN_COMMA = YES;
				CLANG_WARN_CONSTANT_CONVERSION = YES;
				CLANG_WARN_DEPRECATED_OBJC_IMPLEMENTATIONS = YES;
				CLANG_WARN_DIRECT_OBJC_ISA_USAGE = YES_ERROR;
				CLANG_WARN_DOCUMENTATION_COMMENTS = YES;
				CLANG_WARN_EMPTY_BODY = YES;
				CLANG_WARN_ENUM_CONVERSION = YES;
				CLANG_WARN_INFINITE_RECURSION = YES;
				CLANG_WARN_INT_CONVERSION = YES;
				CLANG_WARN_NON_LITERAL_NULL_CONVERSION = YES;
				CLANG_WARN_OBJC_IMPLICIT_RETAIN_SELF = YES;
				CLANG_WARN_OBJC_LITERAL_CONVERSION = YES;
				CLANG_WARN_OBJC_ROOT_CLASS = YES_ERROR;
				CLANG_WARN_QUOTED_INCLUDE_IN_FRAMEWORK_HEADER = YES;
				CLANG_WARN_RANGE_LOOP_ANALYSIS = YES;
				CLANG_WARN_STRICT_PROTOTYPES = YES;
				CLANG_WARN_SUSPICIOUS_MOVE = YES;
				CLANG_WARN_UNGUARDED_AVAILABILITY = YES_AGGRESSIVE;
				CLANG_WARN_UNREACHABLE_CODE = YES;
				CLANG_WARN__DUPLICATE_METHOD_MATCH = YES;
				COPY_PHASE_STRIP = NO;
				DEBUG_INFORMATION_FORMAT = dwarf;
				ENABLE_STRICT_OBJC_MSGSEND = YES;
				ENABLE_TESTABILITY = YES;
				ENABLE_USER_SCRIPT_SANDBOXING = YES;
				GCC_C_LANGUAGE_STANDARD = gnu17;
				GCC_DYNAMIC_NO_PIC = NO;
				GCC_NO_COMMON_BLOCKS = YES;
				GCC_OPTIMIZATION_LEVEL = 0;
				GCC_PREPROCESSOR_DEFINITIONS = (
					"DEBUG=1",
					"$(inherited)",
				);
				GCC_WARN_64_TO_32_BIT_CONVERSION = YES;
				GCC_WARN_ABOUT_RETURN_TYPE = YES_ERROR;
				GCC_WARN_UNDECLARED_SELECTOR = YES;
				GCC_WARN_UNINITIALIZED_AUTOS = YES_AGGRESSIVE;
				GCC_WARN_UNUSED_FUNCTION = YES;
				GCC_WARN_UNUSED_VARIABLE = YES;
				IPHONEOS_DEPLOYMENT_TARGET = 17.2;
				LOCALIZATION_PREFERS_STRING_CATALOGS = YES;
				MTL_ENABLE_DEBUG_INFO = INCLUDE_SOURCE;
				MTL_FAST_MATH = YES;
				ONLY_ACTIVE_ARCH = YES;
				SDKROOT = iphoneos;
				SWIFT_ACTIVE_COMPILATION_CONDITIONS = "DEBUG $(inherited)";
				SWIFT_OPTIMIZATION_LEVEL = "-Onone";
			};
			name = Debug;
		};
		DED5429D2B81F8C700196F98 /* Release */ = {
			isa = XCBuildConfiguration;
			buildSettings = {
				ALWAYS_SEARCH_USER_PATHS = NO;
				ASSETCATALOG_COMPILER_GENERATE_SWIFT_ASSET_SYMBOL_EXTENSIONS = YES;
				CLANG_ANALYZER_NONNULL = YES;
				CLANG_ANALYZER_NUMBER_OBJECT_CONVERSION = YES_AGGRESSIVE;
				CLANG_CXX_LANGUAGE_STANDARD = "gnu++20";
				CLANG_ENABLE_MODULES = YES;
				CLANG_ENABLE_OBJC_ARC = YES;
				CLANG_ENABLE_OBJC_WEAK = YES;
				CLANG_WARN_BLOCK_CAPTURE_AUTORELEASING = YES;
				CLANG_WARN_BOOL_CONVERSION = YES;
				CLANG_WARN_COMMA = YES;
				CLANG_WARN_CONSTANT_CONVERSION = YES;
				CLANG_WARN_DEPRECATED_OBJC_IMPLEMENTATIONS = YES;
				CLANG_WARN_DIRECT_OBJC_ISA_USAGE = YES_ERROR;
				CLANG_WARN_DOCUMENTATION_COMMENTS = YES;
				CLANG_WARN_EMPTY_BODY = YES;
				CLANG_WARN_ENUM_CONVERSION = YES;
				CLANG_WARN_INFINITE_RECURSION = YES;
				CLANG_WARN_INT_CONVERSION = YES;
				CLANG_WARN_NON_LITERAL_NULL_CONVERSION = YES;
				CLANG_WARN_OBJC_IMPLICIT_RETAIN_SELF = YES;
				CLANG_WARN_OBJC_LITERAL_CONVERSION = YES;
				CLANG_WARN_OBJC_ROOT_CLASS = YES_ERROR;
				CLANG_WARN_QUOTED_INCLUDE_IN_FRAMEWORK_HEADER = YES;
				CLANG_WARN_RANGE_LOOP_ANALYSIS = YES;
				CLANG_WARN_STRICT_PROTOTYPES = YES;
				CLANG_WARN_SUSPICIOUS_MOVE = YES;
				CLANG_WARN_UNGUARDED_AVAILABILITY = YES_AGGRESSIVE;
				CLANG_WARN_UNREACHABLE_CODE = YES;
				CLANG_WARN__DUPLICATE_METHOD_MATCH = YES;
				COPY_PHASE_STRIP = NO;
				DEBUG_INFORMATION_FORMAT = "dwarf-with-dsym";
				ENABLE_NS_ASSERTIONS = NO;
				ENABLE_STRICT_OBJC_MSGSEND = YES;
				ENABLE_USER_SCRIPT_SANDBOXING = YES;
				GCC_C_LANGUAGE_STANDARD = gnu17;
				GCC_NO_COMMON_BLOCKS = YES;
				GCC_WARN_64_TO_32_BIT_CONVERSION = YES;
				GCC_WARN_ABOUT_RETURN_TYPE = YES_ERROR;
				GCC_WARN_UNDECLARED_SELECTOR = YES;
				GCC_WARN_UNINITIALIZED_AUTOS = YES_AGGRESSIVE;
				GCC_WARN_UNUSED_FUNCTION = YES;
				GCC_WARN_UNUSED_VARIABLE = YES;
				IPHONEOS_DEPLOYMENT_TARGET = 17.2;
				LOCALIZATION_PREFERS_STRING_CATALOGS = YES;
				MTL_ENABLE_DEBUG_INFO = NO;
				MTL_FAST_MATH = YES;
				SDKROOT = iphoneos;
				SWIFT_COMPILATION_MODE = wholemodule;
				VALIDATE_PRODUCT = YES;
			};
			name = Release;
		};
		DED5429F2B81F8C700196F98 /* Debug */ = {
			isa = XCBuildConfiguration;
			buildSettings = {
				ASSETCATALOG_COMPILER_APPICON_NAME = AppIcon;
				ASSETCATALOG_COMPILER_GLOBAL_ACCENT_COLOR_NAME = AccentColor;
				CODE_SIGN_STYLE = Automatic;
				CURRENT_PROJECT_VERSION = 1;
				DEVELOPMENT_ASSET_PATHS = "\"ArtApp/Preview Content\"";
				DEVELOPMENT_TEAM = 59A3B26389;
				ENABLE_PREVIEWS = YES;
				GENERATE_INFOPLIST_FILE = YES;
				INFOPLIST_KEY_UIApplicationSceneManifest_Generation = YES;
				INFOPLIST_KEY_UIApplicationSupportsIndirectInputEvents = YES;
				INFOPLIST_KEY_UILaunchScreen_Generation = YES;
				INFOPLIST_KEY_UISupportedInterfaceOrientations_iPad = "UIInterfaceOrientationPortrait UIInterfaceOrientationPortraitUpsideDown UIInterfaceOrientationLandscapeLeft UIInterfaceOrientationLandscapeRight";
				INFOPLIST_KEY_UISupportedInterfaceOrientations_iPhone = "UIInterfaceOrientationPortrait UIInterfaceOrientationLandscapeLeft UIInterfaceOrientationLandscapeRight";
				LD_RUNPATH_SEARCH_PATHS = (
					"$(inherited)",
					"@executable_path/Frameworks",
				);
				MARKETING_VERSION = 1.0;
				PRODUCT_BUNDLE_IDENTIFIER = "com.XL-PROJ.ArtApp";
				PRODUCT_NAME = "$(TARGET_NAME)";
				SWIFT_EMIT_LOC_STRINGS = YES;
				SWIFT_VERSION = 5.0;
				TARGETED_DEVICE_FAMILY = "1,2";
			};
			name = Debug;
		};
		DED542A02B81F8C700196F98 /* Release */ = {
			isa = XCBuildConfiguration;
			buildSettings = {
				ASSETCATALOG_COMPILER_APPICON_NAME = AppIcon;
				ASSETCATALOG_COMPILER_GLOBAL_ACCENT_COLOR_NAME = AccentColor;
				CODE_SIGN_STYLE = Automatic;
				CURRENT_PROJECT_VERSION = 1;
				DEVELOPMENT_ASSET_PATHS = "\"ArtApp/Preview Content\"";
				DEVELOPMENT_TEAM = 59A3B26389;
				ENABLE_PREVIEWS = YES;
				GENERATE_INFOPLIST_FILE = YES;
				INFOPLIST_KEY_UIApplicationSceneManifest_Generation = YES;
				INFOPLIST_KEY_UIApplicationSupportsIndirectInputEvents = YES;
				INFOPLIST_KEY_UILaunchScreen_Generation = YES;
				INFOPLIST_KEY_UISupportedInterfaceOrientations_iPad = "UIInterfaceOrientationPortrait UIInterfaceOrientationPortraitUpsideDown UIInterfaceOrientationLandscapeLeft UIInterfaceOrientationLandscapeRight";
				INFOPLIST_KEY_UISupportedInterfaceOrientations_iPhone = "UIInterfaceOrientationPortrait UIInterfaceOrientationLandscapeLeft UIInterfaceOrientationLandscapeRight";
				LD_RUNPATH_SEARCH_PATHS = (
					"$(inherited)",
					"@executable_path/Frameworks",
				);
				MARKETING_VERSION = 1.0;
				PRODUCT_BUNDLE_IDENTIFIER = "com.XL-PROJ.ArtApp";
				PRODUCT_NAME = "$(TARGET_NAME)";
				SWIFT_EMIT_LOC_STRINGS = YES;
				SWIFT_VERSION = 5.0;
				TARGETED_DEVICE_FAMILY = "1,2";
			};
			name = Release;
		};
/* End XCBuildConfiguration section */

/* Begin XCConfigurationList section */
		DED5428B2B81F8C400196F98 /* Build configuration list for PBXProject "ArtApp" */ = {
			isa = XCConfigurationList;
			buildConfigurations = (
				DED5429C2B81F8C700196F98 /* Debug */,
				DED5429D2B81F8C700196F98 /* Release */,
			);
			defaultConfigurationIsVisible = 0;
			defaultConfigurationName = Release;
		};
		DED5429E2B81F8C700196F98 /* Build configuration list for PBXNativeTarget "ArtApp" */ = {
			isa = XCConfigurationList;
			buildConfigurations = (
				DED5429F2B81F8C700196F98 /* Debug */,
				DED542A02B81F8C700196F98 /* Release */,
			);
			defaultConfigurationIsVisible = 0;
			defaultConfigurationName = Release;
		};
/* End XCConfigurationList section */
	};
	rootObject = DED542882B81F8C400196F98 /* Project object */;
}
